
Microsoft Visual Studio Solution File, Format Version 12.00
# Visual Studio 15
Project("{FAE04EC0-301F-11D3-BF4B-00C04F79EFBC}") = "UnityEngine.TestRunner", "UnityEngine.TestRunner.csproj", "{DFD011E3-B8BA-AB99-1F5A-1742FF8DF550}"
EndProject
Project("{FAE04EC0-301F-11D3-BF4B-00C04F79EFBC}") = "UnityEngine.UI", "UnityEngine.UI.csproj", "{ADA02084-BABB-FCE3-070A-3C3FE411F373}"
EndProject
Project("{FAE04EC0-301F-11D3-BF4B-00C04F79EFBC}") = "Unity.TextMeshPro", "Unity.TextMeshPro.csproj", "{5DA1B77A-B3AB-2305-B0B8-FD15E5C4DC29}"
EndProject
Project("{FAE04EC0-301F-11D3-BF4B-00C04F79EFBC}") = "Unity.Timeline", "Unity.Timeline.csproj", "{58AFE1EC-45A5-1111-15AC-DF872F49F098}"
EndProject
Project("{FAE04EC0-301F-11D3-BF4B-00C04F79EFBC}") = "Assembly-CSharp", "Assembly-CSharp.csproj", "{9FFA8360-0BBF-7AA7-0617-18280CA03E00}"
EndProject
Project("{FAE04EC0-301F-11D3-BF4B-00C04F79EFBC}") = "UnityEditor.TestRunner", "UnityEditor.TestRunner.csproj", "{5A7FB038-8AC2-4137-D712-DE1E790DAA6A}"
EndProject
Project("{FAE04EC0-301F-11D3-BF4B-00C04F79EFBC}") = "Unity.TextMeshPro.Editor", "Unity.TextMeshPro.Editor.csproj", "{35C445B9-4043-8782-E238-BE5E5AC57B9C}"
EndProject
Project("{FAE04EC0-301F-11D3-BF4B-00C04F79EFBC}") = "Unity.Timeline.Editor", "Unity.Timeline.Editor.csproj", "{B3F84982-39DC-705C-1180-BB9723986B0E}"
EndProject
Project("{FAE04EC0-301F-11D3-BF4B-00C04F79EFBC}") = "UnityEditor.UI", "UnityEditor.UI.csproj", "{BB3137A5-AC1A-B6B1-4DF5-084837002681}"
EndProject
Project("{FAE04EC0-301F-11D3-BF4B-00C04F79EFBC}") = "Unity.Rider.Editor", "Unity.Rider.Editor.csproj", "{6C82E4DA-FADF-9E08-0383-89FC9A539C63}"
EndProject
Project("{FAE04EC0-301F-11D3-BF4B-00C04F79EFBC}") = "Unity.CollabProxy.Editor", "Unity.CollabProxy.Editor.csproj", "{0B35F8A8-17B0-318D-A37E-03961E0414F5}"
EndProject
Project("{FAE04EC0-301F-11D3-BF4B-00C04F79EFBC}") = "Unity.VSCode.Editor", "Unity.VSCode.Editor.csproj", "{FF1C0A2C-EAAF-1B4A-0F1A-FA0475C718E0}"
EndProject
Global
	GlobalSection(SolutionConfigurationPlatforms) = preSolution
		Debug|Any CPU = Debug|Any CPU
		Release|Any CPU = Release|Any CPU
	EndGlobalSection
	GlobalSection(ProjectConfigurationPlatforms) = postSolution
		{DFD011E3-B8BA-AB99-1F5A-1742FF8DF550}.Debug|Any CPU.ActiveCfg = Debug|Any CPU
		{DFD011E3-B8BA-AB99-1F5A-1742FF8DF550}.Debug|Any CPU.Build.0 = Debug|Any CPU
		{DFD011E3-B8BA-AB99-1F5A-1742FF8DF550}.Release|Any CPU.ActiveCfg = Release|Any CPU
		{DFD011E3-B8BA-AB99-1F5A-1742FF8DF550}.Release|Any CPU.Build.0 = Release|Any CPU
		{ADA02084-BABB-FCE3-070A-3C3FE411F373}.Debug|Any CPU.ActiveCfg = Debug|Any CPU
		{ADA02084-BABB-FCE3-070A-3C3FE411F373}.Debug|Any CPU.Build.0 = Debug|Any CPU
		{ADA02084-BABB-FCE3-070A-3C3FE411F373}.Release|Any CPU.ActiveCfg = Release|Any CPU
		{ADA02084-BABB-FCE3-070A-3C3FE411F373}.Release|Any CPU.Build.0 = Release|Any CPU
		{5DA1B77A-B3AB-2305-B0B8-FD15E5C4DC29}.Debug|Any CPU.ActiveCfg = Debug|Any CPU
		{5DA1B77A-B3AB-2305-B0B8-FD15E5C4DC29}.Debug|Any CPU.Build.0 = Debug|Any CPU
		{5DA1B77A-B3AB-2305-B0B8-FD15E5C4DC29}.Release|Any CPU.ActiveCfg = Release|Any CPU
		{5DA1B77A-B3AB-2305-B0B8-FD15E5C4DC29}.Release|Any CPU.Build.0 = Release|Any CPU
		{58AFE1EC-45A5-1111-15AC-DF872F49F098}.Debug|Any CPU.ActiveCfg = Debug|Any CPU
		{58AFE1EC-45A5-1111-15AC-DF872F49F098}.Debug|Any CPU.Build.0 = Debug|Any CPU
		{58AFE1EC-45A5-1111-15AC-DF872F49F098}.Release|Any CPU.ActiveCfg = Release|Any CPU
		{58AFE1EC-45A5-1111-15AC-DF872F49F098}.Release|Any CPU.Build.0 = Release|Any CPU
		{9FFA8360-0BBF-7AA7-0617-18280CA03E00}.Debug|Any CPU.ActiveCfg = Debug|Any CPU
		{9FFA8360-0BBF-7AA7-0617-18280CA03E00}.Debug|Any CPU.Build.0 = Debug|Any CPU
		{9FFA8360-0BBF-7AA7-0617-18280CA03E00}.Release|Any CPU.ActiveCfg = Release|Any CPU
		{9FFA8360-0BBF-7AA7-0617-18280CA03E00}.Release|Any CPU.Build.0 = Release|Any CPU
		{5A7FB038-8AC2-4137-D712-DE1E790DAA6A}.Debug|Any CPU.ActiveCfg = Debug|Any CPU
		{5A7FB038-8AC2-4137-D712-DE1E790DAA6A}.Debug|Any CPU.Build.0 = Debug|Any CPU
		{5A7FB038-8AC2-4137-D712-DE1E790DAA6A}.Release|Any CPU.ActiveCfg = Release|Any CPU
		{5A7FB038-8AC2-4137-D712-DE1E790DAA6A}.Release|Any CPU.Build.0 = Release|Any CPU
		{35C445B9-4043-8782-E238-BE5E5AC57B9C}.Debug|Any CPU.ActiveCfg = Debug|Any CPU
		{35C445B9-4043-8782-E238-BE5E5AC57B9C}.Debug|Any CPU.Build.0 = Debug|Any CPU
		{35C445B9-4043-8782-E238-BE5E5AC57B9C}.Release|Any CPU.ActiveCfg = Release|Any CPU
		{35C445B9-4043-8782-E238-BE5E5AC57B9C}.Release|Any CPU.Build.0 = Release|Any CPU
		{B3F84982-39DC-705C-1180-BB9723986B0E}.Debug|Any CPU.ActiveCfg = Debug|Any CPU
		{B3F84982-39DC-705C-1180-BB9723986B0E}.Debug|Any CPU.Build.0 = Debug|Any CPU
		{B3F84982-39DC-705C-1180-BB9723986B0E}.Release|Any CPU.ActiveCfg = Release|Any CPU
		{B3F84982-39DC-705C-1180-BB9723986B0E}.Release|Any CPU.Build.0 = Release|Any CPU
		{BB3137A5-AC1A-B6B1-4DF5-084837002681}.Debug|Any CPU.ActiveCfg = Debug|Any CPU
		{BB3137A5-AC1A-B6B1-4DF5-084837002681}.Debug|Any CPU.Build.0 = Debug|Any CPU
		{BB3137A5-AC1A-B6B1-4DF5-084837002681}.Release|Any CPU.ActiveCfg = Release|Any CPU
		{BB3137A5-AC1A-B6B1-4DF5-084837002681}.Release|Any CPU.Build.0 = Release|Any CPU
		{6C82E4DA-FADF-9E08-0383-89FC9A539C63}.Debug|Any CPU.ActiveCfg = Debug|Any CPU
		{6C82E4DA-FADF-9E08-0383-89FC9A539C63}.Debug|Any CPU.Build.0 = Debug|Any CPU
		{6C82E4DA-FADF-9E08-0383-89FC9A539C63}.Release|Any CPU.ActiveCfg = Release|Any CPU
		{6C82E4DA-FADF-9E08-0383-89FC9A539C63}.Release|Any CPU.Build.0 = Release|Any CPU
		{0B35F8A8-17B0-318D-A37E-03961E0414F5}.Debug|Any CPU.ActiveCfg = Debug|Any CPU
		{0B35F8A8-17B0-318D-A37E-03961E0414F5}.Debug|Any CPU.Build.0 = Debug|Any CPU
		{0B35F8A8-17B0-318D-A37E-03961E0414F5}.Release|Any CPU.ActiveCfg = Release|Any CPU
		{0B35F8A8-17B0-318D-A37E-03961E0414F5}.Release|Any CPU.Build.0 = Release|Any CPU
		{FF1C0A2C-EAAF-1B4A-0F1A-FA0475C718E0}.Debug|Any CPU.ActiveCfg = Debug|Any CPU
		{FF1C0A2C-EAAF-1B4A-0F1A-FA0475C718E0}.Debug|Any CPU.Build.0 = Debug|Any CPU
		{FF1C0A2C-EAAF-1B4A-0F1A-FA0475C718E0}.Release|Any CPU.ActiveCfg = Release|Any CPU
		{FF1C0A2C-EAAF-1B4A-0F1A-FA0475C718E0}.Release|Any CPU.Build.0 = Release|Any CPU
	EndGlobalSection
	GlobalSection(SolutionProperties) = preSolution
		HideSolutionNode = FALSE
	EndGlobalSection
EndGlobal
